github.com/bradfitz/gomemcache v0.0.0-20221031212613-62deef7fc822 h1:hjXJeBcAMS1WGENGqDpzvmgS43oECTx8UXq31UBu0Jw=
github.com/bradfitz/gomemcache v0.0.0-20221031212613-62deef7fc822/go.mod h1:H0wQNHz2YrLsuXOZozoeDmnHXkNCRmMW0gwFWDfEZDA=
github.com/cristalhq/jwt/v4 v4.0.2 h1:g/AD3h0VicDamtlM70GWGElp8kssQEv+5wYd7L9WOhU=
github.com/cristalhq/jwt/v4 v4.0.2/go.mod h1:HnYraSNKDRag1DZP92rYHyrjyQHnVEHPNqesmzs+miQ=
github.com/joho/godotenv v1.4.0 h1:3l4+N6zfMWnkbPEXKng2o2/MR5mSwTrBih4ZEkkz1lg=
github.com/joho/godotenv v1.4.0/go.mod h1:f4LDr5Voq0i2e/R5DDNOoa2zzDfwtkZa6DnEwAbqwq4=
github.com/neo4j/neo4j-go-driver/v5 v5.7.0 h1:Z9kcdzPsqJbNb5YS9ZAMhMar2aUD5eqheLBNEG8YYhc=
github.com/neo4j/neo4j-go-driver/v5 v5.7.0/go.mod h1:Vff8OwT7QpLm7L2yYr85XNWe9Rbqlbeb9asNXJTHO4k=
